{
    "requires": true,
    "lockfileVersion": 1,
    "dependencies": {
        "babel-runtime": {
            "version": "6.26.0",
            "resolved": "https://registry.npmjs.org/babel-runtime/-/babel-runtime-6.26.0.tgz",
            "integrity": "sha1-llxwWGaOgrVde/4E/yM3vItWR/4=",
            "requires": {
                "core-js": "2.5.7",
                "regenerator-runtime": "0.11.1"
            }
        },
        "core-js": {
            "version": "2.5.7",
            "resolved": "https://registry.npmjs.org/core-js/-/core-js-2.5.7.tgz",
            "integrity": "sha512-RszJCAxg/PP6uzXVXL6BsxSXx/B05oJAQ2vkJRjyjrEcNVycaqOmNb5OTxZPE3xa5gwZduqza6L9JOCenh/Ecw=="
        },
        "croppie": {
            "version": "2.6.2",
            "resolved": "https://registry.npmjs.org/croppie/-/croppie-2.6.2.tgz",
            "integrity": "sha512-uvQI8XliWNWiquFCgIjwNoWCjbnQ/qvyitwIj8F4PjwrH40vniPmKSXmXaIbiWNojiraCi08PovKXfs8YXjMGg=="
        },
        "dom-walk": {
            "version": "0.1.1",
            "resolved": "https://registry.npmjs.org/dom-walk/-/dom-walk-0.1.1.tgz",
            "integrity": "sha1-ZyIm3HTI95mtNTB9+TaroRrNYBg="
        },
        "es5-shim": {
            "version": "4.5.12",
            "resolved": "https://registry.npmjs.org/es5-shim/-/es5-shim-4.5.12.tgz",
            "integrity": "sha512-MjoCAHE6P2Dirme70Cxd9i2Ng8rhXiaVSsxDWdSwimfLERJL/ypR2ed2rTYkeeYrMk8gq281dzKLiGcdrmc8qg=="
        },
        "for-each": {
            "version": "0.3.3",
            "resolved": "https://registry.npmjs.org/for-each/-/for-each-0.3.3.tgz",
            "integrity": "sha512-jqYfLp7mo9vIyQf8ykW2v7A+2N4QjeCeI5+Dz9XraiO1ign81wjiH7Fb9vSOWvQfNtmSa4H2RoQTrrXivdUZmw==",
            "requires": {
                "is-callable": "1.1.4"
            }
        },
        "global": {
            "version": "4.3.2",
            "resolved": "https://registry.npmjs.org/global/-/global-4.3.2.tgz",
            "integrity": "sha1-52mJJopsdMOJCLEwWxD8DjlOnQ8=",
            "requires": {
                "min-document": "2.19.0",
                "process": "0.5.2"
            }
        },
        "individual": {
            "version": "2.0.0",
            "resolved": "https://registry.npmjs.org/individual/-/individual-2.0.0.tgz",
            "integrity": "sha1-gzsJfa0jKU52EXqY+zjg2a1hu5c="
        },
        "is-callable": {
            "version": "1.1.4",
            "resolved": "https://registry.npmjs.org/is-callable/-/is-callable-1.1.4.tgz",
            "integrity": "sha512-r5p9sxJjYnArLjObpjA4xu5EKI3CuKHkJXMhT7kwbpUyIFD1n5PMAsoPvWnvtZiNz7LjkYDRZhd7FlI0eMijEA=="
        },
        "is-function": {
            "version": "1.0.1",
            "resolved": "https://registry.npmjs.org/is-function/-/is-function-1.0.1.tgz",
            "integrity": "sha1-Es+5i2W1fdPRk6MSH19uL0N2ArU="
        },
        "min-document": {
            "version": "2.19.0",
            "resolved": "https://registry.npmjs.org/min-document/-/min-document-2.19.0.tgz",
            "integrity": "sha1-e9KC4/WELtKVu3SM3Z8f+iyCRoU=",
            "requires": {
                "dom-walk": "0.1.1"
            }
        },
        "parse-headers": {
            "version": "2.0.1",
            "resolved": "https://registry.npmjs.org/parse-headers/-/parse-headers-2.0.1.tgz",
            "integrity": "sha1-aug6eqJanZtwCswoaYzR8e1+lTY=",
            "requires": {
                "for-each": "0.3.3",
                "trim": "0.0.1"
            }
        },
        "process": {
            "version": "0.5.2",
            "resolved": "https://registry.npmjs.org/process/-/process-0.5.2.tgz",
            "integrity": "sha1-FjjYqONML0QKkduVq5rrZ3/Bhc8="
        },
        "regenerator-runtime": {
            "version": "0.11.1",
            "resolved": "https://registry.npmjs.org/regenerator-runtime/-/regenerator-runtime-0.11.1.tgz",
            "integrity": "sha512-MguG95oij0fC3QV3URf4V2SDYGJhJnJGqvIIgdECeODCT98wSWDAJ94SSuVpYQUoTcGUIL6L4yNB7j1DFFHSBg=="
        },
        "rust-result": {
            "version": "1.0.0",
            "resolved": "https://registry.npmjs.org/rust-result/-/rust-result-1.0.0.tgz",
            "integrity": "sha1-NMdbLm3Dn+WHXlveyFteD5FTb3I=",
            "requires": {
                "individual": "2.0.0"
            }
        },
        "safe-json-parse": {
            "version": "4.0.0",
            "resolved": "https://registry.npmjs.org/safe-json-parse/-/safe-json-parse-4.0.0.tgz",
            "integrity": "sha1-fA9XjPzNEtM6ccDgVBPi7KFx6qw=",
            "requires": {
                "rust-result": "1.0.0"
            }
        },
        "trim": {
            "version": "0.0.1",
            "resolved": "https://registry.npmjs.org/trim/-/trim-0.0.1.tgz",
            "integrity": "sha1-WFhUf2spB1fulczMZm+1AITEYN0="
        },
        "tsml": {
            "version": "1.0.1",
            "resolved": "https://registry.npmjs.org/tsml/-/tsml-1.0.1.tgz",
            "integrity": "sha1-ifghi52eJX9H1/a1bQHFpNLGj8M="
        },
        "video.js": {
            "version": "6.12.1",
            "resolved": "https://registry.npmjs.org/video.js/-/video.js-6.12.1.tgz",
            "integrity": "sha512-Ld4umuJhaBLnHoU/vV7NM+sPVA3RnZuXvYAOvQWYL+Tze2S77B8MjUjY44mZ9nivnU1K1qtMepSxzlflgqdC3Q==",
            "requires": {
                "babel-runtime": "6.26.0",
                "global": "4.3.2",
                "safe-json-parse": "4.0.0",
                "tsml": "1.0.1",
                "videojs-font": "2.1.0",
                "videojs-ie8": "1.1.2",
                "videojs-vtt.js": "0.12.6",
                "xhr": "2.4.0"
            }
        },
        "videojs-font": {
            "version": "2.1.0",
            "resolved": "https://registry.npmjs.org/videojs-font/-/videojs-font-2.1.0.tgz",
            "integrity": "sha1-olkwpn9snPvyu4jay4xrRR8JM3k="
        },
        "videojs-ie8": {
            "version": "1.1.2",
            "resolved": "https://registry.npmjs.org/videojs-ie8/-/videojs-ie8-1.1.2.tgz",
            "integrity": "sha1-oj09hgitcZK2nGB3/E64SJmNNdk=",
            "requires": {
                "es5-shim": "4.5.12"
            }
        },
        "videojs-vtt.js": {
            "version": "0.12.6",
            "resolved": "https://registry.npmjs.org/videojs-vtt.js/-/videojs-vtt.js-0.12.6.tgz",
            "integrity": "sha512-XFXeGBQiljnElMhwCcZst0RDbZn2n8LU7ZScXryd3a00OaZsHAjdZu/7/RdSr7Z1jHphd45FnOvOQkGK4YrWCQ==",
            "requires": {
                "global": "4.3.2"
            }
        },
        "videojs-watermark": {
            "version": "2.0.0",
            "resolved": "https://registry.npmjs.org/videojs-watermark/-/videojs-watermark-2.0.0.tgz",
            "integrity": "sha1-gxi+zf3S0iMperZn2nVM77KBIdQ=",
            "requires": {
                "video.js": "6.12.1"
            }
        },
        "xhr": {
            "version": "2.4.0",
            "resolved": "https://registry.npmjs.org/xhr/-/xhr-2.4.0.tgz",
            "integrity": "sha1-4W5mpF+GmGHu76tBbV7/ci3ECZM=",
            "requires": {
                "global": "4.3.2",
                "is-function": "1.0.1",
                "parse-headers": "2.0.1",
                "xtend": "4.0.1"
            }
        },
        "xtend": {
            "version": "4.0.1",
            "resolved": "https://registry.npmjs.org/xtend/-/xtend-4.0.1.tgz",
            "integrity": "sha1-pcbVMr5lbiPbgg77lDofBJmNY68="
        }
    }
}
